
Microsoft Visual Studio Solution File, Format Version 12.00
# Visual Studio Version 16
VisualStudioVersion = 16.0.31624.102
MinimumVisualStudioVersion = 10.0.40219.1
Project("{FAE04EC0-301F-11D3-BF4B-00C04F79EFBC}") = "Exercicio22", "Exercicio22.csproj", "{0D72C9A3-ABF6-4FEF-83D2-50AFB8EBADC4}"
EndProject
Global
	GlobalSection(SolutionConfigurationPlatforms) = preSolution
		Debug|Any CPU = Debug|Any CPU
		Release|Any CPU = Release|Any CPU
	EndGlobalSection
	GlobalSection(ProjectConfigurationPlatforms) = postSolution
		{0D72C9A3-ABF6-4FEF-83D2-50AFB8EBADC4}.Debug|Any CPU.ActiveCfg = Debug|Any CPU
		{0D72C9A3-ABF6-4FEF-83D2-50AFB8EBADC4}.Debug|Any CPU.Build.0 = Debug|Any CPU
		{0D72C9A3-ABF6-4FEF-83D2-50AFB8EBADC4}.Release|Any CPU.ActiveCfg = Release|Any CPU
		{0D72C9A3-ABF6-4FEF-83D2-50AFB8EBADC4}.Release|Any CPU.Build.0 = Release|Any CPU
	EndGlobalSection
	GlobalSection(SolutionProperties) = preSolution
		HideSolutionNode = FALSE
	EndGlobalSection
	GlobalSection(ExtensibilityGlobals) = postSolution
		SolutionGuid = {7C1B015B-84B0-4C0C-BEDE-BC347538D7FC}
	EndGlobalSection
EndGlobal
